# This file is autogenerated, do not edit; changes may be undone by the next 'dep ensure'.


[[projects]]
  name = "github.com/davecgh/go-spew"
  packages = ["spew"]
  revision = "8991bc29aa16c548c550c7ff78260e27b9ab7c73"
  version = "v1.1.1"

[[projects]]
  name = "github.com/gruntwork-io/terratest"
  packages = ["modules/collections","modules/customerrors","modules/files","modules/logger","modules/retry","modules/shell","modules/ssh","modules/terraform"]
  revision = "7bfa574afe31e27b0ca098093e5dafe9a61e7ac0"
  version = "v0.23.0"

[[projects]]
  name = "github.com/pmezard/go-difflib"
  packages = ["difflib"]
  revision = "792786c7400a136282c1664665ae0a8db921c6c2"
  version = "v1.0.0"

[[projects]]
  name = "github.com/stretchr/testify"
  packages = ["assert","require"]
  revision = "221dbe5ed46703ee255b1da0dec05086f5035f62"
  version = "v1.4.0"

[[projects]]
  branch = "master"
  name = "golang.org/x/crypto"
  packages = ["chacha20","curve25519","ed25519","ed25519/internal/edwards25519","internal/subtle","poly1305","ssh","ssh/agent"]
  revision = "becbf705a91575484002d598f87d74f0002801e7"

[[projects]]
  branch = "master"
  name = "golang.org/x/net"
  packages = ["context"]
  revision = "c0dbc17a35534bf2e581d7a942408dc936316da4"

[[projects]]
  branch = "master"
  name = "golang.org/x/sys"
  packages = ["cpu"]
  revision = "c709ea063b76879dc9915358f55d4d77c16ab6d5"

[[projects]]
  name = "gopkg.in/yaml.v2"
  packages = ["."]
  revision = "1f64d6156d11335c3f22d9330b0ad14fc1e789ce"
  version = "v2.2.7"

[solve-meta]
  analyzer-name = "dep"
  analyzer-version = 1
  inputs-digest = "5a6dd7b371a9298e8baf649612144ebbcfe3e1ddd9bac7dcf7cd9e10acf73a2d"
  solver-name = "gps-cdcl"
  solver-version = 1
